// !$*UTF8*$!
{
	archiveVersion = 1;
	classes = {
	};
	objectVersion = 50;
	objects = {

/* Begin PBXBuildFile section */
		76B14F7527E0CFEF00FFA574 /* CategoryViewControllerModel.swift in Sources */ = {isa = PBXBuildFile; fileRef = 76B14F7427E0CFEF00FFA574 /* CategoryViewControllerModel.swift */; };
		76B14F7727E0D57D00FFA574 /* ProductsCell.swift in Sources */ = {isa = PBXBuildFile; fileRef = 76B14F7627E0D57D00FFA574 /* ProductsCell.swift */; };
		76B14F7E27E0F5A300FFA574 /* ProductsCollectionViewCell.swift in Sources */ = {isa = PBXBuildFile; fileRef = 76B14F7C27E0F5A300FFA574 /* ProductsCollectionViewCell.swift */; };
		76B14F7F27E0F5A300FFA574 /* ProductsCollectionViewCell.xib in Resources */ = {isa = PBXBuildFile; fileRef = 76B14F7D27E0F5A300FFA574 /* ProductsCollectionViewCell.xib */; };
		B8AD32C627DA70300032E51B /* AppDelegate.swift in Sources */ = {isa = PBXBuildFile; fileRef = B8AD32C527DA70300032E51B /* AppDelegate.swift */; };
		B8AD32C827DA70300032E51B /* SceneDelegate.swift in Sources */ = {isa = PBXBuildFile; fileRef = B8AD32C727DA70300032E51B /* SceneDelegate.swift */; };
		B8AD32CA27DA70300032E51B /* SplashViewController.swift in Sources */ = {isa = PBXBuildFile; fileRef = B8AD32C927DA70300032E51B /* SplashViewController.swift */; };
		B8AD32CD27DA70300032E51B /* Main.storyboard in Resources */ = {isa = PBXBuildFile; fileRef = B8AD32CB27DA70300032E51B /* Main.storyboard */; };
		B8AD32CF27DA70310032E51B /* Assets.xcassets in Resources */ = {isa = PBXBuildFile; fileRef = B8AD32CE27DA70310032E51B /* Assets.xcassets */; };
		B8AD32D227DA70310032E51B /* LaunchScreen.storyboard in Resources */ = {isa = PBXBuildFile; fileRef = B8AD32D027DA70310032E51B /* LaunchScreen.storyboard */; };
		B8AD32DB27DAB64D0032E51B /* LogUpViewController.swift in Sources */ = {isa = PBXBuildFile; fileRef = B8AD32DA27DAB64D0032E51B /* LogUpViewController.swift */; };
		B8AD32DD27DAB6610032E51B /* LogInViewController.swift in Sources */ = {isa = PBXBuildFile; fileRef = B8AD32DC27DAB6610032E51B /* LogInViewController.swift */; };

		EBD2A425A76C8C1CEBAE9659 /* libPods-ShopifyApp.a in Frameworks */ = {isa = PBXBuildFile; fileRef = 03CF34130EB81A2134D70A59 /* libPods-ShopifyApp.a */; };
		EE71614627E0E649007189C0 /* PoductsImagesCollectionViewCell.swift in Sources */ = {isa = PBXBuildFile; fileRef = EE71614427E0E649007189C0 /* PoductsImagesCollectionViewCell.swift */; };
		EE71614727E0E649007189C0 /* PoductsImagesCollectionViewCell.xib in Resources */ = {isa = PBXBuildFile; fileRef = EE71614527E0E649007189C0 /* PoductsImagesCollectionViewCell.xib */; };
		EEB6726127DE243500DC154C /* HomeViewController.swift in Sources */ = {isa = PBXBuildFile; fileRef = EEB6726027DE243500DC154C /* HomeViewController.swift */; };
		EEB6726327DE246F00DC154C /* CategoryViewController.swift in Sources */ = {isa = PBXBuildFile; fileRef = EEB6726227DE246F00DC154C /* CategoryViewController.swift */; };
		EEB6726627DE24A200DC154C /* ProfileViewController.swift in Sources */ = {isa = PBXBuildFile; fileRef = EEB6726527DE24A200DC154C /* ProfileViewController.swift */; };
		EEB6726827DE29DF00DC154C /* CartViewController.swift in Sources */ = {isa = PBXBuildFile; fileRef = EEB6726727DE29DF00DC154C /* CartViewController.swift */; };
		EEB6726C27DE2F7500DC154C /* SearchTableViewController.swift in Sources */ = {isa = PBXBuildFile; fileRef = EEB6726B27DE2F7500DC154C /* SearchTableViewController.swift */; };
		EEB6726E27DE2FC900DC154C /* FavoriteTableViewController.swift in Sources */ = {isa = PBXBuildFile; fileRef = EEB6726D27DE2FC900DC154C /* FavoriteTableViewController.swift */; };
		EEB6727027DE311700DC154C /* SettingsTableViewController.swift in Sources */ = {isa = PBXBuildFile; fileRef = EEB6726F27DE311700DC154C /* SettingsTableViewController.swift */; };
		EEB9A8F027DF694400954F9E /* URL.swift in Sources */ = {isa = PBXBuildFile; fileRef = EEB9A8EF27DF694400954F9E /* URL.swift */; };
		EEB9A8FA27DF70C700954F9E /* Variants.swift in Sources */ = {isa = PBXBuildFile; fileRef = EEB9A8F427DF70C700954F9E /* Variants.swift */; };
		EEB9A8FB27DF70C700954F9E /* Image.swift in Sources */ = {isa = PBXBuildFile; fileRef = EEB9A8F527DF70C700954F9E /* Image.swift */; };
		EEB9A8FC27DF70C700954F9E /* Options.swift in Sources */ = {isa = PBXBuildFile; fileRef = EEB9A8F627DF70C700954F9E /* Options.swift */; };
		EEB9A8FD27DF70C700954F9E /* Products.swift in Sources */ = {isa = PBXBuildFile; fileRef = EEB9A8F727DF70C700954F9E /* Products.swift */; };
		EEB9A8FE27DF70C700954F9E /* Images.swift in Sources */ = {isa = PBXBuildFile; fileRef = EEB9A8F827DF70C700954F9E /* Images.swift */; };
		EEB9A8FF27DF70C700954F9E /* ProductsKey.swift in Sources */ = {isa = PBXBuildFile; fileRef = EEB9A8F927DF70C700954F9E /* ProductsKey.swift */; };
		EEB9A90327DF70D500954F9E /* SmartCollectionsKey.swift in Sources */ = {isa = PBXBuildFile; fileRef = EEB9A90027DF70D500954F9E /* SmartCollectionsKey.swift */; };
		EEB9A90427DF70D500954F9E /* Rules.swift in Sources */ = {isa = PBXBuildFile; fileRef = EEB9A90127DF70D500954F9E /* Rules.swift */; };
		EEB9A90527DF70D500954F9E /* Smart_collections.swift in Sources */ = {isa = PBXBuildFile; fileRef = EEB9A90227DF70D500954F9E /* Smart_collections.swift */; };
		EEB9A90727DF710200954F9E /* CustomCollectionsKey.swift in Sources */ = {isa = PBXBuildFile; fileRef = EEB9A90627DF710200954F9E /* CustomCollectionsKey.swift */; };
		EEB9A90927DF71E900954F9E /* NetworkService.swift in Sources */ = {isa = PBXBuildFile; fileRef = EEB9A90827DF71E900954F9E /* NetworkService.swift */; };
		EEDD6D0827E0DC570050994B /* ProductDetailsViewController.swift in Sources */ = {isa = PBXBuildFile; fileRef = EEDD6D0727E0DC570050994B /* ProductDetailsViewController.swift */; };
		EEFC228127E1591700ADD598 /* BrandProductsViewController.swift in Sources */ = {isa = PBXBuildFile; fileRef = EEFC228027E1591700ADD598 /* BrandProductsViewController.swift */; };
		EEFC228827E162CF00ADD598 /* BrandProductsCollectionViewCell.swift in Sources */ = {isa = PBXBuildFile; fileRef = EEFC228627E162CF00ADD598 /* BrandProductsCollectionViewCell.swift */; };
		EEFC228927E162CF00ADD598 /* BrandProductsCollectionViewCell.xib in Resources */ = {isa = PBXBuildFile; fileRef = EEFC228727E162CF00ADD598 /* BrandProductsCollectionViewCell.xib */; };
/* End PBXBuildFile section */

/* Begin PBXFileReference section */
		76B14F7427E0CFEF00FFA574 /* CategoryViewControllerModel.swift */ = {isa = PBXFileReference; lastKnownFileType = sourcecode.swift; name = CategoryViewControllerModel.swift; path = ShopifyApp/View/Controller/CategoryViewControllerModel.swift; sourceTree = SOURCE_ROOT; };
		76B14F7627E0D57D00FFA574 /* ProductsCell.swift */ = {isa = PBXFileReference; lastKnownFileType = sourcecode.swift; name = ProductsCell.swift; path = ShopifyApp/View/Controller/ProductsCell.swift; sourceTree = SOURCE_ROOT; };
		76B14F7C27E0F5A300FFA574 /* ProductsCollectionViewCell.swift */ = {isa = PBXFileReference; lastKnownFileType = sourcecode.swift; path = ProductsCollectionViewCell.swift; sourceTree = "<group>"; };
		76B14F7D27E0F5A300FFA574 /* ProductsCollectionViewCell.xib */ = {isa = PBXFileReference; lastKnownFileType = file.xib; path = ProductsCollectionViewCell.xib; sourceTree = "<group>"; };
		A3348570C694291AB702E204 /* Pods-ShopifyApp.debug.xcconfig */ = {isa = PBXFileReference; includeInIndex = 1; lastKnownFileType = text.xcconfig; name = "Pods-ShopifyApp.debug.xcconfig"; path = "Target Support Files/Pods-ShopifyApp/Pods-ShopifyApp.debug.xcconfig"; sourceTree = "<group>"; };
		B8AD32C227DA70300032E51B /* ShopifyApp.app */ = {isa = PBXFileReference; explicitFileType = wrapper.application; includeInIndex = 0; path = ShopifyApp.app; sourceTree = BUILT_PRODUCTS_DIR; };
		B8AD32C527DA70300032E51B /* AppDelegate.swift */ = {isa = PBXFileReference; lastKnownFileType = sourcecode.swift; path = AppDelegate.swift; sourceTree = "<group>"; };
		B8AD32C727DA70300032E51B /* SceneDelegate.swift */ = {isa = PBXFileReference; lastKnownFileType = sourcecode.swift; path = SceneDelegate.swift; sourceTree = "<group>"; };
		B8AD32C927DA70300032E51B /* SplashViewController.swift */ = {isa = PBXFileReference; lastKnownFileType = sourcecode.swift; path = SplashViewController.swift; sourceTree = "<group>"; };
		B8AD32CC27DA70300032E51B /* Base */ = {isa = PBXFileReference; lastKnownFileType = file.storyboard; name = Base; path = Base.lproj/Main.storyboard; sourceTree = "<group>"; };
		B8AD32CE27DA70310032E51B /* Assets.xcassets */ = {isa = PBXFileReference; lastKnownFileType = folder.assetcatalog; path = Assets.xcassets; sourceTree = "<group>"; };
		B8AD32D127DA70310032E51B /* Base */ = {isa = PBXFileReference; lastKnownFileType = file.storyboard; name = Base; path = Base.lproj/LaunchScreen.storyboard; sourceTree = "<group>"; };
		B8AD32D327DA70310032E51B /* Info.plist */ = {isa = PBXFileReference; lastKnownFileType = text.plist.xml; path = Info.plist; sourceTree = "<group>"; };
		B8AD32DA27DAB64D0032E51B /* LogUpViewController.swift */ = {isa = PBXFileReference; lastKnownFileType = sourcecode.swift; path = LogUpViewController.swift; sourceTree = "<group>"; };
		B8AD32DC27DAB6610032E51B /* LogInViewController.swift */ = {isa = PBXFileReference; lastKnownFileType = sourcecode.swift; path = LogInViewController.swift; sourceTree = "<group>"; };
		C699068F8BD05E0087A75787 /* Pods_ShopifyApp.framework */ = {isa = PBXFileReference; explicitFileType = wrapper.framework; includeInIndex = 0; path = Pods_ShopifyApp.framework; sourceTree = BUILT_PRODUCTS_DIR; };
		D7D152988E96CF0D917050DA /* Pods-ShopifyApp.release.xcconfig */ = {isa = PBXFileReference; includeInIndex = 1; lastKnownFileType = text.xcconfig; name = "Pods-ShopifyApp.release.xcconfig"; path = "Target Support Files/Pods-ShopifyApp/Pods-ShopifyApp.release.xcconfig"; sourceTree = "<group>"; };
		EE71614427E0E649007189C0 /* PoductsImagesCollectionViewCell.swift */ = {isa = PBXFileReference; lastKnownFileType = sourcecode.swift; path = PoductsImagesCollectionViewCell.swift; sourceTree = "<group>"; };
		EE71614527E0E649007189C0 /* PoductsImagesCollectionViewCell.xib */ = {isa = PBXFileReference; lastKnownFileType = file.xib; path = PoductsImagesCollectionViewCell.xib; sourceTree = "<group>"; };
		EEB6726027DE243500DC154C /* HomeViewController.swift */ = {isa = PBXFileReference; lastKnownFileType = sourcecode.swift; path = HomeViewController.swift; sourceTree = "<group>"; };
		EEB6726227DE246F00DC154C /* CategoryViewController.swift */ = {isa = PBXFileReference; lastKnownFileType = sourcecode.swift; path = CategoryViewController.swift; sourceTree = "<group>"; };
		EEB6726527DE24A200DC154C /* ProfileViewController.swift */ = {isa = PBXFileReference; lastKnownFileType = sourcecode.swift; path = ProfileViewController.swift; sourceTree = "<group>"; };
		EEB6726727DE29DF00DC154C /* CartViewController.swift */ = {isa = PBXFileReference; lastKnownFileType = sourcecode.swift; path = CartViewController.swift; sourceTree = "<group>"; };
		EEB6726B27DE2F7500DC154C /* SearchTableViewController.swift */ = {isa = PBXFileReference; lastKnownFileType = sourcecode.swift; path = SearchTableViewController.swift; sourceTree = "<group>"; };
		EEB6726D27DE2FC900DC154C /* FavoriteTableViewController.swift */ = {isa = PBXFileReference; lastKnownFileType = sourcecode.swift; path = FavoriteTableViewController.swift; sourceTree = "<group>"; };
		EEB6726F27DE311700DC154C /* SettingsTableViewController.swift */ = {isa = PBXFileReference; lastKnownFileType = sourcecode.swift; path = SettingsTableViewController.swift; sourceTree = "<group>"; };
		EEB9A8EF27DF694400954F9E /* URL.swift */ = {isa = PBXFileReference; lastKnownFileType = sourcecode.swift; path = URL.swift; sourceTree = "<group>"; };
		EEB9A8F427DF70C700954F9E /* Variants.swift */ = {isa = PBXFileReference; fileEncoding = 4; lastKnownFileType = sourcecode.swift; path = Variants.swift; sourceTree = "<group>"; };
		EEB9A8F527DF70C700954F9E /* Image.swift */ = {isa = PBXFileReference; fileEncoding = 4; lastKnownFileType = sourcecode.swift; path = Image.swift; sourceTree = "<group>"; };
		EEB9A8F627DF70C700954F9E /* Options.swift */ = {isa = PBXFileReference; fileEncoding = 4; lastKnownFileType = sourcecode.swift; path = Options.swift; sourceTree = "<group>"; };
		EEB9A8F727DF70C700954F9E /* Products.swift */ = {isa = PBXFileReference; fileEncoding = 4; lastKnownFileType = sourcecode.swift; path = Products.swift; sourceTree = "<group>"; };
		EEB9A8F827DF70C700954F9E /* Images.swift */ = {isa = PBXFileReference; fileEncoding = 4; lastKnownFileType = sourcecode.swift; path = Images.swift; sourceTree = "<group>"; };
		EEB9A8F927DF70C700954F9E /* ProductsKey.swift */ = {isa = PBXFileReference; fileEncoding = 4; lastKnownFileType = sourcecode.swift; path = ProductsKey.swift; sourceTree = "<group>"; };
		EEB9A90027DF70D500954F9E /* SmartCollectionsKey.swift */ = {isa = PBXFileReference; fileEncoding = 4; lastKnownFileType = sourcecode.swift; path = SmartCollectionsKey.swift; sourceTree = "<group>"; };
		EEB9A90127DF70D500954F9E /* Rules.swift */ = {isa = PBXFileReference; fileEncoding = 4; lastKnownFileType = sourcecode.swift; path = Rules.swift; sourceTree = "<group>"; };
		EEB9A90227DF70D500954F9E /* Smart_collections.swift */ = {isa = PBXFileReference; fileEncoding = 4; lastKnownFileType = sourcecode.swift; path = Smart_collections.swift; sourceTree = "<group>"; };
		EEB9A90627DF710200954F9E /* CustomCollectionsKey.swift */ = {isa = PBXFileReference; fileEncoding = 4; lastKnownFileType = sourcecode.swift; path = CustomCollectionsKey.swift; sourceTree = "<group>"; };
		EEB9A90827DF71E900954F9E /* NetworkService.swift */ = {isa = PBXFileReference; lastKnownFileType = sourcecode.swift; path = NetworkService.swift; sourceTree = "<group>"; };
		EEDD6D0727E0DC570050994B /* ProductDetailsViewController.swift */ = {isa = PBXFileReference; lastKnownFileType = sourcecode.swift; path = ProductDetailsViewController.swift; sourceTree = "<group>"; };
		EEFC228027E1591700ADD598 /* BrandProductsViewController.swift */ = {isa = PBXFileReference; lastKnownFileType = sourcecode.swift; path = BrandProductsViewController.swift; sourceTree = "<group>"; };
		EEFC228627E162CF00ADD598 /* BrandProductsCollectionViewCell.swift */ = {isa = PBXFileReference; lastKnownFileType = sourcecode.swift; path = BrandProductsCollectionViewCell.swift; sourceTree = "<group>"; };
		EEFC228727E162CF00ADD598 /* BrandProductsCollectionViewCell.xib */ = {isa = PBXFileReference; lastKnownFileType = file.xib; path = BrandProductsCollectionViewCell.xib; sourceTree = "<group>"; };
/* End PBXFileReference section */

/* Begin PBXFrameworksBuildPhase section */
		B8AD32BF27DA70300032E51B /* Frameworks */ = {
			isa = PBXFrameworksBuildPhase;
			buildActionMask = 2147483647;
			files = (
				C7F7644C479CE8E61857CAD6 /* Pods_ShopifyApp.framework in Frameworks */,
			);
			runOnlyForDeploymentPostprocessing = 0;
		};
/* End PBXFrameworksBuildPhase section */

/* Begin PBXGroup section */
		032501D2F8A55C28F72F104A /* Pods */ = {
			isa = PBXGroup;
			children = (
				A3348570C694291AB702E204 /* Pods-ShopifyApp.debug.xcconfig */,
				D7D152988E96CF0D917050DA /* Pods-ShopifyApp.release.xcconfig */,
			);
			path = Pods;
			sourceTree = "<group>";
		};
		B8AD32B927DA70300032E51B = {
			isa = PBXGroup;
			children = (
				B8AD32C427DA70300032E51B /* ShopifyApp */,
				B8AD32C327DA70300032E51B /* Products */,
				032501D2F8A55C28F72F104A /* Pods */,
				F4E6271C578F6D8683C6D94A /* Frameworks */,
			);
			sourceTree = "<group>";
		};
		B8AD32C327DA70300032E51B /* Products */ = {
			isa = PBXGroup;
			children = (
				B8AD32C227DA70300032E51B /* ShopifyApp.app */,
			);
			name = Products;
			sourceTree = "<group>";
		};
		B8AD32C427DA70300032E51B /* ShopifyApp */ = {
			isa = PBXGroup;
			children = (
				EE0DC74A27DF72FD0072EACC /* View Model */,
				EE0DC74927DF72DF0072EACC /* View */,
				EE0DC74827DF72D40072EACC /* Model */,
				B8AD32C527DA70300032E51B /* AppDelegate.swift */,
				B8AD32C727DA70300032E51B /* SceneDelegate.swift */,
				B8AD32D327DA70310032E51B /* Info.plist */,
			);
			path = ShopifyApp;
			sourceTree = "<group>";
		};
		B8AD32D927DAB6280032E51B /* Controller */ = {
			isa = PBXGroup;
			children = (
				B8AD32C927DA70300032E51B /* SplashViewController.swift */,
				B8AD32DA27DAB64D0032E51B /* LogUpViewController.swift */,
				B8AD32DC27DAB6610032E51B /* LogInViewController.swift */,
				EEB6726027DE243500DC154C /* HomeViewController.swift */,
				EEB6726227DE246F00DC154C /* CategoryViewController.swift */,
				EEB6726527DE24A200DC154C /* ProfileViewController.swift */,
				EEB6726727DE29DF00DC154C /* CartViewController.swift */,
				EEB6726B27DE2F7500DC154C /* SearchTableViewController.swift */,
				EEB6726D27DE2FC900DC154C /* FavoriteTableViewController.swift */,
				EEB6726F27DE311700DC154C /* SettingsTableViewController.swift */,

				76B14F7C27E0F5A300FFA574 /* ProductsCollectionViewCell.swift */,
				EEDD6D0727E0DC570050994B /* ProductDetailsViewController.swift */,
				EEFC228227E15CF800ADD598 /* Product Image Cell */,
				EEFC228027E1591700ADD598 /* BrandProductsViewController.swift */,
				EEFC228327E1628D00ADD598 /* Brand Products Cell */,

			);
			path = Controller;
			sourceTree = "<group>";
		};
		EE0DC74827DF72D40072EACC /* Model */ = {
			isa = PBXGroup;
			children = (
				EEB9A8F327DF6F9A00954F9E /* Network Services */,
				EEB9A8F227DF696C00954F9E /* PONSO */,
				EEB9A8F127DF695400954F9E /* Constnats */,
			);
			path = Model;
			sourceTree = "<group>";
		};
		EE0DC74927DF72DF0072EACC /* View */ = {
			isa = PBXGroup;
			children = (
				B8AD32D927DAB6280032E51B /* Controller */,
				B8AD32CB27DA70300032E51B /* Main.storyboard */,
				B8AD32CE27DA70310032E51B /* Assets.xcassets */,
				B8AD32D027DA70310032E51B /* LaunchScreen.storyboard */,
				76B14F7D27E0F5A300FFA574 /* ProductsCollectionViewCell.xib */,
			);
			path = View;
			sourceTree = "<group>";
		};
		EE0DC74A27DF72FD0072EACC /* View Model */ = {
			isa = PBXGroup;
			children = (
				76B14F7427E0CFEF00FFA574 /* CategoryViewControllerModel.swift */,
				76B14F7627E0D57D00FFA574 /* ProductsCell.swift */,
			);
			path = "View Model";
			sourceTree = "<group>";
		};
		EEB9A8F127DF695400954F9E /* Constnats */ = {
			isa = PBXGroup;
			children = (
				EEB9A8EF27DF694400954F9E /* URL.swift */,
			);
			path = Constnats;
			sourceTree = "<group>";
		};
		EEB9A8F227DF696C00954F9E /* PONSO */ = {
			isa = PBXGroup;
			children = (
				EEB9A8F527DF70C700954F9E /* Image.swift */,
				EEB9A90127DF70D500954F9E /* Rules.swift */,
				EEB9A90227DF70D500954F9E /* Smart_collections.swift */,
				EEB9A90627DF710200954F9E /* CustomCollectionsKey.swift */,
				EEB9A90027DF70D500954F9E /* SmartCollectionsKey.swift */,
				EEB9A8F827DF70C700954F9E /* Images.swift */,
				EEB9A8F627DF70C700954F9E /* Options.swift */,
				EEB9A8F727DF70C700954F9E /* Products.swift */,
				EEB9A8F927DF70C700954F9E /* ProductsKey.swift */,
				EEB9A8F427DF70C700954F9E /* Variants.swift */,
			);
			path = PONSO;
			sourceTree = "<group>";
		};
		EEB9A8F327DF6F9A00954F9E /* Network Services */ = {
			isa = PBXGroup;
			children = (
				EEB9A90827DF71E900954F9E /* NetworkService.swift */,
			);
			path = "Network Services";
			sourceTree = "<group>";
		};
		EEFC228227E15CF800ADD598 /* Product Image Cell */ = {
			isa = PBXGroup;
			children = (
				EE71614427E0E649007189C0 /* PoductsImagesCollectionViewCell.swift */,
				EE71614527E0E649007189C0 /* PoductsImagesCollectionViewCell.xib */,
			);
			path = "Product Image Cell";
			sourceTree = "<group>";
		};
		EEFC228327E1628D00ADD598 /* Brand Products Cell */ = {
			isa = PBXGroup;
			children = (
				EEFC228627E162CF00ADD598 /* BrandProductsCollectionViewCell.swift */,
				EEFC228727E162CF00ADD598 /* BrandProductsCollectionViewCell.xib */,
			);
			path = "Brand Products Cell";
			sourceTree = "<group>";
		};
		F4E6271C578F6D8683C6D94A /* Frameworks */ = {
			isa = PBXGroup;
			children = (
				C699068F8BD05E0087A75787 /* Pods_ShopifyApp.framework */,
			);
			name = Frameworks;
			sourceTree = "<group>";
		};
/* End PBXGroup section */

/* Begin PBXNativeTarget section */
		B8AD32C127DA70300032E51B /* ShopifyApp */ = {
			isa = PBXNativeTarget;
			buildConfigurationList = B8AD32D627DA70310032E51B /* Build configuration list for PBXNativeTarget "ShopifyApp" */;
			buildPhases = (
				A0E2A49C2D0B9045D00D8763 /* [CP] Check Pods Manifest.lock */,
				B8AD32BE27DA70300032E51B /* Sources */,
				B8AD32BF27DA70300032E51B /* Frameworks */,
				B8AD32C027DA70300032E51B /* Resources */,
				DFB5D83627CE1E981C9E2C39 /* [CP] Embed Pods Frameworks */,
			);
			buildRules = (
			);
			dependencies = (
			);
			name = ShopifyApp;
			productName = ShopifyApp;
			productReference = B8AD32C227DA70300032E51B /* ShopifyApp.app */;
			productType = "com.apple.product-type.application";
		};
/* End PBXNativeTarget section */

/* Begin PBXProject section */
		B8AD32BA27DA70300032E51B /* Project object */ = {
			isa = PBXProject;
			attributes = {
				LastSwiftUpdateCheck = 1130;
				LastUpgradeCheck = 1130;
				ORGANIZATIONNAME = Ma7rous;
				TargetAttributes = {
					B8AD32C127DA70300032E51B = {
						CreatedOnToolsVersion = 11.3.1;
					};
				};
			};
			buildConfigurationList = B8AD32BD27DA70300032E51B /* Build configuration list for PBXProject "ShopifyApp" */;
			compatibilityVersion = "Xcode 9.3";
			developmentRegion = en;
			hasScannedForEncodings = 0;
			knownRegions = (
				en,
				Base,
			);
			mainGroup = B8AD32B927DA70300032E51B;
			productRefGroup = B8AD32C327DA70300032E51B /* Products */;
			projectDirPath = "";
			projectRoot = "";
			targets = (
				B8AD32C127DA70300032E51B /* ShopifyApp */,
			);
		};
/* End PBXProject section */

/* Begin PBXResourcesBuildPhase section */
		B8AD32C027DA70300032E51B /* Resources */ = {
			isa = PBXResourcesBuildPhase;
			buildActionMask = 2147483647;
			files = (
				B8AD32D227DA70310032E51B /* LaunchScreen.storyboard in Resources */,
				B8AD32CF27DA70310032E51B /* Assets.xcassets in Resources */,
				76B14F7F27E0F5A300FFA574 /* ProductsCollectionViewCell.xib in Resources */,
				B8AD32CD27DA70300032E51B /* Main.storyboard in Resources */,
				EEFC228927E162CF00ADD598 /* BrandProductsCollectionViewCell.xib in Resources */,
				EE71614727E0E649007189C0 /* PoductsImagesCollectionViewCell.xib in Resources */,
			);
			runOnlyForDeploymentPostprocessing = 0;
		};
/* End PBXResourcesBuildPhase section */

/* Begin PBXShellScriptBuildPhase section */
		A0E2A49C2D0B9045D00D8763 /* [CP] Check Pods Manifest.lock */ = {
			isa = PBXShellScriptBuildPhase;
			buildActionMask = 2147483647;
			files = (
			);
			inputFileListPaths = (
			);
			inputPaths = (
				"${PODS_PODFILE_DIR_PATH}/Podfile.lock",
				"${PODS_ROOT}/Manifest.lock",
			);
			name = "[CP] Check Pods Manifest.lock";
			outputFileListPaths = (
			);
			outputPaths = (
				"$(DERIVED_FILE_DIR)/Pods-ShopifyApp-checkManifestLockResult.txt",
			);
			runOnlyForDeploymentPostprocessing = 0;
			shellPath = /bin/sh;
			shellScript = "diff \"${PODS_PODFILE_DIR_PATH}/Podfile.lock\" \"${PODS_ROOT}/Manifest.lock\" > /dev/null\nif [ $? != 0 ] ; then\n    # print error to STDERR\n    echo \"error: The sandbox is not in sync with the Podfile.lock. Run 'pod install' or update your CocoaPods installation.\" >&2\n    exit 1\nfi\n# This output is used by Xcode 'outputs' to avoid re-running this script phase.\necho \"SUCCESS\" > \"${SCRIPT_OUTPUT_FILE_0}\"\n";
			showEnvVarsInLog = 0;
		};
		DFB5D83627CE1E981C9E2C39 /* [CP] Embed Pods Frameworks */ = {
			isa = PBXShellScriptBuildPhase;
			buildActionMask = 2147483647;
			files = (
			);
			inputFileListPaths = (
				"${PODS_ROOT}/Target Support Files/Pods-ShopifyApp/Pods-ShopifyApp-frameworks-${CONFIGURATION}-input-files.xcfilelist",
			);
			name = "[CP] Embed Pods Frameworks";
			outputFileListPaths = (
				"${PODS_ROOT}/Target Support Files/Pods-ShopifyApp/Pods-ShopifyApp-frameworks-${CONFIGURATION}-output-files.xcfilelist",
			);
			runOnlyForDeploymentPostprocessing = 0;
			shellPath = /bin/sh;
			shellScript = "\"${PODS_ROOT}/Target Support Files/Pods-ShopifyApp/Pods-ShopifyApp-frameworks.sh\"\n";
			showEnvVarsInLog = 0;
		};
/* End PBXShellScriptBuildPhase section */

/* Begin PBXSourcesBuildPhase section */
		B8AD32BE27DA70300032E51B /* Sources */ = {
			isa = PBXSourcesBuildPhase;
			buildActionMask = 2147483647;
			files = (
				EEB9A8FF27DF70C700954F9E /* ProductsKey.swift in Sources */,
				B8AD32CA27DA70300032E51B /* SplashViewController.swift in Sources */,
				EEB9A8FA27DF70C700954F9E /* Variants.swift in Sources */,
				EEDD6D0827E0DC570050994B /* ProductDetailsViewController.swift in Sources */,
				EEB9A90527DF70D500954F9E /* Smart_collections.swift in Sources */,
				B8AD32C627DA70300032E51B /* AppDelegate.swift in Sources */,
				EEB6726327DE246F00DC154C /* CategoryViewController.swift in Sources */,
				EE71614627E0E649007189C0 /* PoductsImagesCollectionViewCell.swift in Sources */,
				EEFC228127E1591700ADD598 /* BrandProductsViewController.swift in Sources */,
				EEB9A90427DF70D500954F9E /* Rules.swift in Sources */,
				EEB9A8FC27DF70C700954F9E /* Options.swift in Sources */,
				EEB9A8FB27DF70C700954F9E /* Image.swift in Sources */,
				76B14F7727E0D57D00FFA574 /* ProductsCell.swift in Sources */,
				EEB9A90327DF70D500954F9E /* SmartCollectionsKey.swift in Sources */,
				EEB9A90927DF71E900954F9E /* NetworkService.swift in Sources */,
				76B14F7E27E0F5A300FFA574 /* ProductsCollectionViewCell.swift in Sources */,
				EEB9A8FD27DF70C700954F9E /* Products.swift in Sources */,
				B8AD32DB27DAB64D0032E51B /* LogUpViewController.swift in Sources */,
				EEB6726E27DE2FC900DC154C /* FavoriteTableViewController.swift in Sources */,
				EEB9A90727DF710200954F9E /* CustomCollectionsKey.swift in Sources */,
				B8AD32DD27DAB6610032E51B /* LogInViewController.swift in Sources */,
				B8AD32C827DA70300032E51B /* SceneDelegate.swift in Sources */,
				76B14F7527E0CFEF00FFA574 /* CategoryViewControllerModel.swift in Sources */,
				EEB9A8F027DF694400954F9E /* URL.swift in Sources */,
				EEB6726627DE24A200DC154C /* ProfileViewController.swift in Sources */,
				EEB9A8FE27DF70C700954F9E /* Images.swift in Sources */,
				EEB6727027DE311700DC154C /* SettingsTableViewController.swift in Sources */,
				EEB6726C27DE2F7500DC154C /* SearchTableViewController.swift in Sources */,
				EEB6726827DE29DF00DC154C /* CartViewController.swift in Sources */,
				EEFC228827E162CF00ADD598 /* BrandProductsCollectionViewCell.swift in Sources */,
				EEB6726127DE243500DC154C /* HomeViewController.swift in Sources */,
			);
			runOnlyForDeploymentPostprocessing = 0;
		};
/* End PBXSourcesBuildPhase section */

/* Begin PBXVariantGroup section */
		B8AD32CB27DA70300032E51B /* Main.storyboard */ = {
			isa = PBXVariantGroup;
			children = (
				B8AD32CC27DA70300032E51B /* Base */,
			);
			name = Main.storyboard;
			sourceTree = "<group>";
		};
		B8AD32D027DA70310032E51B /* LaunchScreen.storyboard */ = {
			isa = PBXVariantGroup;
			children = (
				B8AD32D127DA70310032E51B /* Base */,
			);
			name = LaunchScreen.storyboard;
			sourceTree = "<group>";
		};
/* End PBXVariantGroup section */

/* Begin XCBuildConfiguration section */
		B8AD32D427DA70310032E51B /* Debug */ = {
			isa = XCBuildConfiguration;
			buildSettings = {
				ALWAYS_SEARCH_USER_PATHS = NO;
				CLANG_ANALYZER_NONNULL = YES;
				CLANG_ANALYZER_NUMBER_OBJECT_CONVERSION = YES_AGGRESSIVE;
				CLANG_CXX_LANGUAGE_STANDARD = "gnu++14";
				CLANG_CXX_LIBRARY = "libc++";
				CLANG_ENABLE_MODULES = YES;
				CLANG_ENABLE_OBJC_ARC = YES;
				CLANG_ENABLE_OBJC_WEAK = YES;
				CLANG_WARN_BLOCK_CAPTURE_AUTORELEASING = YES;
				CLANG_WARN_BOOL_CONVERSION = YES;
				CLANG_WARN_COMMA = YES;
				CLANG_WARN_CONSTANT_CONVERSION = YES;
				CLANG_WARN_DEPRECATED_OBJC_IMPLEMENTATIONS = YES;
				CLANG_WARN_DIRECT_OBJC_ISA_USAGE = YES_ERROR;
				CLANG_WARN_DOCUMENTATION_COMMENTS = YES;
				CLANG_WARN_EMPTY_BODY = YES;
				CLANG_WARN_ENUM_CONVERSION = YES;
				CLANG_WARN_INFINITE_RECURSION = YES;
				CLANG_WARN_INT_CONVERSION = YES;
				CLANG_WARN_NON_LITERAL_NULL_CONVERSION = YES;
				CLANG_WARN_OBJC_IMPLICIT_RETAIN_SELF = YES;
				CLANG_WARN_OBJC_LITERAL_CONVERSION = YES;
				CLANG_WARN_OBJC_ROOT_CLASS = YES_ERROR;
				CLANG_WARN_RANGE_LOOP_ANALYSIS = YES;
				CLANG_WARN_STRICT_PROTOTYPES = YES;
				CLANG_WARN_SUSPICIOUS_MOVE = YES;
				CLANG_WARN_UNGUARDED_AVAILABILITY = YES_AGGRESSIVE;
				CLANG_WARN_UNREACHABLE_CODE = YES;
				CLANG_WARN__DUPLICATE_METHOD_MATCH = YES;
				COPY_PHASE_STRIP = NO;
				DEBUG_INFORMATION_FORMAT = dwarf;
				ENABLE_STRICT_OBJC_MSGSEND = YES;
				ENABLE_TESTABILITY = YES;
				GCC_C_LANGUAGE_STANDARD = gnu11;
				GCC_DYNAMIC_NO_PIC = NO;
				GCC_NO_COMMON_BLOCKS = YES;
				GCC_OPTIMIZATION_LEVEL = 0;
				GCC_PREPROCESSOR_DEFINITIONS = (
					"DEBUG=1",
					"$(inherited)",
				);
				GCC_WARN_64_TO_32_BIT_CONVERSION = YES;
				GCC_WARN_ABOUT_RETURN_TYPE = YES_ERROR;
				GCC_WARN_UNDECLARED_SELECTOR = YES;
				GCC_WARN_UNINITIALIZED_AUTOS = YES_AGGRESSIVE;
				GCC_WARN_UNUSED_FUNCTION = YES;
				GCC_WARN_UNUSED_VARIABLE = YES;
				IPHONEOS_DEPLOYMENT_TARGET = 13.2;
				MTL_ENABLE_DEBUG_INFO = INCLUDE_SOURCE;
				MTL_FAST_MATH = YES;
				ONLY_ACTIVE_ARCH = YES;
				SDKROOT = iphoneos;
				SWIFT_ACTIVE_COMPILATION_CONDITIONS = DEBUG;
				SWIFT_OPTIMIZATION_LEVEL = "-Onone";
			};
			name = Debug;
		};
		B8AD32D527DA70310032E51B /* Release */ = {
			isa = XCBuildConfiguration;
			buildSettings = {
				ALWAYS_SEARCH_USER_PATHS = NO;
				CLANG_ANALYZER_NONNULL = YES;
				CLANG_ANALYZER_NUMBER_OBJECT_CONVERSION = YES_AGGRESSIVE;
				CLANG_CXX_LANGUAGE_STANDARD = "gnu++14";
				CLANG_CXX_LIBRARY = "libc++";
				CLANG_ENABLE_MODULES = YES;
				CLANG_ENABLE_OBJC_ARC = YES;
				CLANG_ENABLE_OBJC_WEAK = YES;
				CLANG_WARN_BLOCK_CAPTURE_AUTORELEASING = YES;
				CLANG_WARN_BOOL_CONVERSION = YES;
				CLANG_WARN_COMMA = YES;
				CLANG_WARN_CONSTANT_CONVERSION = YES;
				CLANG_WARN_DEPRECATED_OBJC_IMPLEMENTATIONS = YES;
				CLANG_WARN_DIRECT_OBJC_ISA_USAGE = YES_ERROR;
				CLANG_WARN_DOCUMENTATION_COMMENTS = YES;
				CLANG_WARN_EMPTY_BODY = YES;
				CLANG_WARN_ENUM_CONVERSION = YES;
				CLANG_WARN_INFINITE_RECURSION = YES;
				CLANG_WARN_INT_CONVERSION = YES;
				CLANG_WARN_NON_LITERAL_NULL_CONVERSION = YES;
				CLANG_WARN_OBJC_IMPLICIT_RETAIN_SELF = YES;
				CLANG_WARN_OBJC_LITERAL_CONVERSION = YES;
				CLANG_WARN_OBJC_ROOT_CLASS = YES_ERROR;
				CLANG_WARN_RANGE_LOOP_ANALYSIS = YES;
				CLANG_WARN_STRICT_PROTOTYPES = YES;
				CLANG_WARN_SUSPICIOUS_MOVE = YES;
				CLANG_WARN_UNGUARDED_AVAILABILITY = YES_AGGRESSIVE;
				CLANG_WARN_UNREACHABLE_CODE = YES;
				CLANG_WARN__DUPLICATE_METHOD_MATCH = YES;
				COPY_PHASE_STRIP = NO;
				DEBUG_INFORMATION_FORMAT = "dwarf-with-dsym";
				ENABLE_NS_ASSERTIONS = NO;
				ENABLE_STRICT_OBJC_MSGSEND = YES;
				GCC_C_LANGUAGE_STANDARD = gnu11;
				GCC_NO_COMMON_BLOCKS = YES;
				GCC_WARN_64_TO_32_BIT_CONVERSION = YES;
				GCC_WARN_ABOUT_RETURN_TYPE = YES_ERROR;
				GCC_WARN_UNDECLARED_SELECTOR = YES;
				GCC_WARN_UNINITIALIZED_AUTOS = YES_AGGRESSIVE;
				GCC_WARN_UNUSED_FUNCTION = YES;
				GCC_WARN_UNUSED_VARIABLE = YES;
				IPHONEOS_DEPLOYMENT_TARGET = 13.2;
				MTL_ENABLE_DEBUG_INFO = NO;
				MTL_FAST_MATH = YES;
				SDKROOT = iphoneos;
				SWIFT_COMPILATION_MODE = wholemodule;
				SWIFT_OPTIMIZATION_LEVEL = "-O";
				VALIDATE_PRODUCT = YES;
			};
			name = Release;
		};
		B8AD32D727DA70310032E51B /* Debug */ = {
			isa = XCBuildConfiguration;
			baseConfigurationReference = A3348570C694291AB702E204 /* Pods-ShopifyApp.debug.xcconfig */;
			buildSettings = {
				ASSETCATALOG_COMPILER_APPICON_NAME = AppIcon;
				CODE_SIGN_STYLE = Automatic;
				DEVELOPMENT_TEAM = 4AADT2FH3Q;
				INFOPLIST_FILE = ShopifyApp/Info.plist;
				LD_RUNPATH_SEARCH_PATHS = (
					"$(inherited)",
					"@executable_path/Frameworks",
				);
				PRODUCT_BUNDLE_IDENTIFIER = ma7rous.ShopifyApp;
				PRODUCT_NAME = "$(TARGET_NAME)";
				SWIFT_VERSION = 5.0;
				TARGETED_DEVICE_FAMILY = "1,2";
			};
			name = Debug;
		};
		B8AD32D827DA70310032E51B /* Release */ = {
			isa = XCBuildConfiguration;
			baseConfigurationReference = D7D152988E96CF0D917050DA /* Pods-ShopifyApp.release.xcconfig */;
			buildSettings = {
				ASSETCATALOG_COMPILER_APPICON_NAME = AppIcon;
				CODE_SIGN_STYLE = Automatic;
				DEVELOPMENT_TEAM = 4AADT2FH3Q;
				INFOPLIST_FILE = ShopifyApp/Info.plist;
				LD_RUNPATH_SEARCH_PATHS = (
					"$(inherited)",
					"@executable_path/Frameworks",
				);
				PRODUCT_BUNDLE_IDENTIFIER = ma7rous.ShopifyApp;
				PRODUCT_NAME = "$(TARGET_NAME)";
				SWIFT_VERSION = 5.0;
				TARGETED_DEVICE_FAMILY = "1,2";
			};
			name = Release;
		};
/* End XCBuildConfiguration section */

/* Begin XCConfigurationList section */
		B8AD32BD27DA70300032E51B /* Build configuration list for PBXProject "ShopifyApp" */ = {
			isa = XCConfigurationList;
			buildConfigurations = (
				B8AD32D427DA70310032E51B /* Debug */,
				B8AD32D527DA70310032E51B /* Release */,
			);
			defaultConfigurationIsVisible = 0;
			defaultConfigurationName = Release;
		};
		B8AD32D627DA70310032E51B /* Build configuration list for PBXNativeTarget "ShopifyApp" */ = {
			isa = XCConfigurationList;
			buildConfigurations = (
				B8AD32D727DA70310032E51B /* Debug */,
				B8AD32D827DA70310032E51B /* Release */,
			);
			defaultConfigurationIsVisible = 0;
			defaultConfigurationName = Release;
		};
/* End XCConfigurationList section */
	};
	rootObject = B8AD32BA27DA70300032E51B /* Project object */;
}
